{
  "name": "blog_P5",
  "lockfileVersion": 2,
  "requires": true,
  "packages": {
    "": {
      "dependencies": {
        "mailjet": "^0.0.1"
      }
    },
    "node_modules/mailjet": {
      "version": "0.0.1",
      "resolved": "https://registry.npmjs.org/mailjet/-/mailjet-0.0.1.tgz",
      "integrity": "sha512-OXUD5NcMzjFzB6R/PdlBjeTQARFfWtwkkj+r7CfRuwN8VqLdqHs0IIq90de15D/RjhxowxSVTg3Op6S1QLmRyg==",
      "deprecated": "Warning, this wrapper doesn't support the Mailjet v3 API. Please do not update to the next version. For more informations about your code migration, contact gbadi@mailjet.com",
      "engines": {
        "node": ">= 0.4.0"
      }
    }
  },
  "dependencies": {
    "mailjet": {
      "version": "0.0.1",
      "resolved": "https://registry.npmjs.org/mailjet/-/mailjet-0.0.1.tgz",
      "integrity": "sha512-OXUD5NcMzjFzB6R/PdlBjeTQARFfWtwkkj+r7CfRuwN8VqLdqHs0IIq90de15D/RjhxowxSVTg3Op6S1QLmRyg=="
    }
  }
}
